
Microsoft Visual Studio Solution File, Format Version 12.00
# Visual Studio Version 16
VisualStudioVersion = 16.0.31424.327
MinimumVisualStudioVersion = 10.0.40219.1
Project("{FAE04EC0-301F-11D3-BF4B-00C04F79EFBC}") = "Hw8", "Hw8.csproj", "{BB62784B-3FC9-4D1D-9247-7C005660D5C3}"
EndProject
Global
	GlobalSection(SolutionConfigurationPlatforms) = preSolution
		Debug|Any CPU = Debug|Any CPU
		Release|Any CPU = Release|Any CPU
	EndGlobalSection
	GlobalSection(ProjectConfigurationPlatforms) = postSolution
		{BB62784B-3FC9-4D1D-9247-7C005660D5C3}.Debug|Any CPU.ActiveCfg = Debug|Any CPU
		{BB62784B-3FC9-4D1D-9247-7C005660D5C3}.Debug|Any CPU.Build.0 = Debug|Any CPU
		{BB62784B-3FC9-4D1D-9247-7C005660D5C3}.Release|Any CPU.ActiveCfg = Release|Any CPU
		{BB62784B-3FC9-4D1D-9247-7C005660D5C3}.Release|Any CPU.Build.0 = Release|Any CPU
	EndGlobalSection
	GlobalSection(SolutionProperties) = preSolution
		HideSolutionNode = FALSE
	EndGlobalSection
	GlobalSection(ExtensibilityGlobals) = postSolution
		SolutionGuid = {06FA6D0A-9AF9-4127-8DF8-0B466924BC60}
	EndGlobalSection
EndGlobal
